// !$*UTF8*$!
{
	archiveVersion = 1;
	classes = {
	};
	objectVersion = 46;
	objects = {

/* Begin PBXBuildFile section */
		358149E11D6085A50011B55F /* AppDelegate.swift in Sources */ = {isa = PBXBuildFile; fileRef = 358149E01D6085A50011B55F /* AppDelegate.swift */; };
		358149E61D6085A50011B55F /* Main.storyboard in Resources */ = {isa = PBXBuildFile; fileRef = 358149E41D6085A50011B55F /* Main.storyboard */; };
		358149E81D6085A50011B55F /* Assets.xcassets in Resources */ = {isa = PBXBuildFile; fileRef = 358149E71D6085A50011B55F /* Assets.xcassets */; };
		358149EB1D6085A50011B55F /* LaunchScreen.storyboard in Resources */ = {isa = PBXBuildFile; fileRef = 358149E91D6085A50011B55F /* LaunchScreen.storyboard */; };
		358149F31D6086570011B55F /* HomeVC.swift in Sources */ = {isa = PBXBuildFile; fileRef = 358149F21D6086570011B55F /* HomeVC.swift */; };
		358149F51D6087640011B55F /* HomeCell.swift in Sources */ = {isa = PBXBuildFile; fileRef = 358149F41D6087640011B55F /* HomeCell.swift */; };
		358149FA1D609CDB0011B55F /* SlideMenu.swift in Sources */ = {isa = PBXBuildFile; fileRef = 358149F91D609CDB0011B55F /* SlideMenu.swift */; };
/* End PBXBuildFile section */

/* Begin PBXFileReference section */
		358149DD1D6085A50011B55F /* SlideOutMenuExample.app */ = {isa = PBXFileReference; explicitFileType = wrapper.application; includeInIndex = 0; path = SlideOutMenuExample.app; sourceTree = BUILT_PRODUCTS_DIR; };
		358149E01D6085A50011B55F /* AppDelegate.swift */ = {isa = PBXFileReference; lastKnownFileType = sourcecode.swift; path = AppDelegate.swift; sourceTree = "<group>"; };
		358149E51D6085A50011B55F /* Base */ = {isa = PBXFileReference; lastKnownFileType = file.storyboard; name = Base; path = Base.lproj/Main.storyboard; sourceTree = "<group>"; };
		358149E71D6085A50011B55F /* Assets.xcassets */ = {isa = PBXFileReference; lastKnownFileType = folder.assetcatalog; path = Assets.xcassets; sourceTree = "<group>"; };
		358149EA1D6085A50011B55F /* Base */ = {isa = PBXFileReference; lastKnownFileType = file.storyboard; name = Base; path = Base.lproj/LaunchScreen.storyboard; sourceTree = "<group>"; };
		358149EC1D6085A50011B55F /* Info.plist */ = {isa = PBXFileReference; lastKnownFileType = text.plist.xml; path = Info.plist; sourceTree = "<group>"; };
		358149F21D6086570011B55F /* HomeVC.swift */ = {isa = PBXFileReference; fileEncoding = 4; lastKnownFileType = sourcecode.swift; path = HomeVC.swift; sourceTree = "<group>"; };
		358149F41D6087640011B55F /* HomeCell.swift */ = {isa = PBXFileReference; fileEncoding = 4; lastKnownFileType = sourcecode.swift; path = HomeCell.swift; sourceTree = "<group>"; };
		358149F91D609CDB0011B55F /* SlideMenu.swift */ = {isa = PBXFileReference; fileEncoding = 4; lastKnownFileType = sourcecode.swift; path = SlideMenu.swift; sourceTree = "<group>"; };
/* End PBXFileReference section */

/* Begin PBXFrameworksBuildPhase section */
		358149DA1D6085A50011B55F /* Frameworks */ = {
			isa = PBXFrameworksBuildPhase;
			buildActionMask = 2147483647;
			files = (
			);
			runOnlyForDeploymentPostprocessing = 0;
		};
/* End PBXFrameworksBuildPhase section */

/* Begin PBXGroup section */
		358149D41D6085A50011B55F = {
			isa = PBXGroup;
			children = (
				358149DF1D6085A50011B55F /* SlideOutMenuExample */,
				358149DE1D6085A50011B55F /* Products */,
			);
			sourceTree = "<group>";
		};
		358149DE1D6085A50011B55F /* Products */ = {
			isa = PBXGroup;
			children = (
				358149DD1D6085A50011B55F /* SlideOutMenuExample.app */,
			);
			name = Products;
			sourceTree = "<group>";
		};
		358149DF1D6085A50011B55F /* SlideOutMenuExample */ = {
			isa = PBXGroup;
			children = (
				358149F81D609CB40011B55F /* Others */,
				358149F71D60877C0011B55F /* view */,
				358149F61D6087720011B55F /* controller */,
				358149E01D6085A50011B55F /* AppDelegate.swift */,
				358149E41D6085A50011B55F /* Main.storyboard */,
				358149E71D6085A50011B55F /* Assets.xcassets */,
				358149E91D6085A50011B55F /* LaunchScreen.storyboard */,
				358149EC1D6085A50011B55F /* Info.plist */,
			);
			path = SlideOutMenuExample;
			sourceTree = "<group>";
		};
		358149F61D6087720011B55F /* controller */ = {
			isa = PBXGroup;
			children = (
				358149F21D6086570011B55F /* HomeVC.swift */,
			);
			name = controller;
			sourceTree = "<group>";
		};
		358149F71D60877C0011B55F /* view */ = {
			isa = PBXGroup;
			children = (
				358149F41D6087640011B55F /* HomeCell.swift */,
			);
			name = view;
			sourceTree = "<group>";
		};
		358149F81D609CB40011B55F /* Others */ = {
			isa = PBXGroup;
			children = (
				358149F91D609CDB0011B55F /* SlideMenu.swift */,
			);
			name = Others;
			sourceTree = "<group>";
		};
/* End PBXGroup section */

/* Begin PBXNativeTarget section */
		358149DC1D6085A50011B55F /* SlideOutMenuExample */ = {
			isa = PBXNativeTarget;
			buildConfigurationList = 358149EF1D6085A50011B55F /* Build configuration list for PBXNativeTarget "SlideOutMenuExample" */;
			buildPhases = (
				358149D91D6085A50011B55F /* Sources */,
				358149DA1D6085A50011B55F /* Frameworks */,
				358149DB1D6085A50011B55F /* Resources */,
			);
			buildRules = (
			);
			dependencies = (
			);
			name = SlideOutMenuExample;
			productName = SlideOutMenuExample;
			productReference = 358149DD1D6085A50011B55F /* SlideOutMenuExample.app */;
			productType = "com.apple.product-type.application";
		};
/* End PBXNativeTarget section */

/* Begin PBXProject section */
		358149D51D6085A50011B55F /* Project object */ = {
			isa = PBXProject;
			attributes = {
				LastSwiftUpdateCheck = 0730;
				LastUpgradeCheck = 0730;
				ORGANIZATIONNAME = metricstream;
				TargetAttributes = {
					358149DC1D6085A50011B55F = {
						CreatedOnToolsVersion = 7.3.1;
					};
				};
			};
			buildConfigurationList = 358149D81D6085A50011B55F /* Build configuration list for PBXProject "SlideOutMenuExample" */;
			compatibilityVersion = "Xcode 3.2";
			developmentRegion = English;
			hasScannedForEncodings = 0;
			knownRegions = (
				en,
				Base,
			);
			mainGroup = 358149D41D6085A50011B55F;
			productRefGroup = 358149DE1D6085A50011B55F /* Products */;
			projectDirPath = "";
			projectRoot = "";
			targets = (
				358149DC1D6085A50011B55F /* SlideOutMenuExample */,
			);
		};
/* End PBXProject section */

/* Begin PBXResourcesBuildPhase section */
		358149DB1D6085A50011B55F /* Resources */ = {
			isa = PBXResourcesBuildPhase;
			buildActionMask = 2147483647;
			files = (
				358149EB1D6085A50011B55F /* LaunchScreen.storyboard in Resources */,
				358149E81D6085A50011B55F /* Assets.xcassets in Resources */,
				358149E61D6085A50011B55F /* Main.storyboard in Resources */,
			);
			runOnlyForDeploymentPostprocessing = 0;
		};
/* End PBXResourcesBuildPhase section */

/* Begin PBXSourcesBuildPhase section */
		358149D91D6085A50011B55F /* Sources */ = {
			isa = PBXSourcesBuildPhase;
			buildActionMask = 2147483647;
			files = (
				358149FA1D609CDB0011B55F /* SlideMenu.swift in Sources */,
				358149E11D6085A50011B55F /* AppDelegate.swift in Sources */,
				358149F51D6087640011B55F /* HomeCell.swift in Sources */,
				358149F31D6086570011B55F /* HomeVC.swift in Sources */,
			);
			runOnlyForDeploymentPostprocessing = 0;
		};
/* End PBXSourcesBuildPhase section */

/* Begin PBXVariantGroup section */
		358149E41D6085A50011B55F /* Main.storyboard */ = {
			isa = PBXVariantGroup;
			children = (
				358149E51D6085A50011B55F /* Base */,
			);
			name = Main.storyboard;
			sourceTree = "<group>";
		};
		358149E91D6085A50011B55F /* LaunchScreen.storyboard */ = {
			isa = PBXVariantGroup;
			children = (
				358149EA1D6085A50011B55F /* Base */,
			);
			name = LaunchScreen.storyboard;
			sourceTree = "<group>";
		};
/* End PBXVariantGroup section */

/* Begin XCBuildConfiguration section */
		358149ED1D6085A50011B55F /* Debug */ = {
			isa = XCBuildConfiguration;
			buildSettings = {
				ALWAYS_SEARCH_USER_PATHS = NO;
				CLANG_ANALYZER_NONNULL = YES;
				CLANG_CXX_LANGUAGE_STANDARD = "gnu++0x";
				CLANG_CXX_LIBRARY = "libc++";
				CLANG_ENABLE_MODULES = YES;
				CLANG_ENABLE_OBJC_ARC = YES;
				CLANG_WARN_BOOL_CONVERSION = YES;
				CLANG_WARN_CONSTANT_CONVERSION = YES;
				CLANG_WARN_DIRECT_OBJC_ISA_USAGE = YES_ERROR;
				CLANG_WARN_EMPTY_BODY = YES;
				CLANG_WARN_ENUM_CONVERSION = YES;
				CLANG_WARN_INT_CONVERSION = YES;
				CLANG_WARN_OBJC_ROOT_CLASS = YES_ERROR;
				CLANG_WARN_UNREACHABLE_CODE = YES;
				CLANG_WARN__DUPLICATE_METHOD_MATCH = YES;
				"CODE_SIGN_IDENTITY[sdk=iphoneos*]" = "iPhone Developer";
				COPY_PHASE_STRIP = NO;
				DEBUG_INFORMATION_FORMAT = dwarf;
				ENABLE_STRICT_OBJC_MSGSEND = YES;
				ENABLE_TESTABILITY = YES;
				GCC_C_LANGUAGE_STANDARD = gnu99;
				GCC_DYNAMIC_NO_PIC = NO;
				GCC_NO_COMMON_BLOCKS = YES;
				GCC_OPTIMIZATION_LEVEL = 0;
				GCC_PREPROCESSOR_DEFINITIONS = (
					"DEBUG=1",
					"$(inherited)",
				);
				GCC_WARN_64_TO_32_BIT_CONVERSION = YES;
				GCC_WARN_ABOUT_RETURN_TYPE = YES_ERROR;
				GCC_WARN_UNDECLARED_SELECTOR = YES;
				GCC_WARN_UNINITIALIZED_AUTOS = YES_AGGRESSIVE;
				GCC_WARN_UNUSED_FUNCTION = YES;
				GCC_WARN_UNUSED_VARIABLE = YES;
				IPHONEOS_DEPLOYMENT_TARGET = 9.3;
				MTL_ENABLE_DEBUG_INFO = YES;
				ONLY_ACTIVE_ARCH = YES;
				SDKROOT = iphoneos;
				SWIFT_OPTIMIZATION_LEVEL = "-Onone";
				TARGETED_DEVICE_FAMILY = "1,2";
			};
			name = Debug;
		};
		358149EE1D6085A50011B55F /* Release */ = {
			isa = XCBuildConfiguration;
			buildSettings = {
				ALWAYS_SEARCH_USER_PATHS = NO;
				CLANG_ANALYZER_NONNULL = YES;
				CLANG_CXX_LANGUAGE_STANDARD = "gnu++0x";
				CLANG_CXX_LIBRARY = "libc++";
				CLANG_ENABLE_MODULES = YES;
				CLANG_ENABLE_OBJC_ARC = YES;
				CLANG_WARN_BOOL_CONVERSION = YES;
				CLANG_WARN_CONSTANT_CONVERSION = YES;
				CLANG_WARN_DIRECT_OBJC_ISA_USAGE = YES_ERROR;
				CLANG_WARN_EMPTY_BODY = YES;
				CLANG_WARN_ENUM_CONVERSION = YES;
				CLANG_WARN_INT_CONVERSION = YES;
				CLANG_WARN_OBJC_ROOT_CLASS = YES_ERROR;
				CLANG_WARN_UNREACHABLE_CODE = YES;
				CLANG_WARN__DUPLICATE_METHOD_MATCH = YES;
				"CODE_SIGN_IDENTITY[sdk=iphoneos*]" = "iPhone Developer";
				COPY_PHASE_STRIP = NO;
				DEBUG_INFORMATION_FORMAT = "dwarf-with-dsym";
				ENABLE_NS_ASSERTIONS = NO;
				ENABLE_STRICT_OBJC_MSGSEND = YES;
				GCC_C_LANGUAGE_STANDARD = gnu99;
				GCC_NO_COMMON_BLOCKS = YES;
				GCC_WARN_64_TO_32_BIT_CONVERSION = YES;
				GCC_WARN_ABOUT_RETURN_TYPE = YES_ERROR;
				GCC_WARN_UNDECLARED_SELECTOR = YES;
				GCC_WARN_UNINITIALIZED_AUTOS = YES_AGGRESSIVE;
				GCC_WARN_UNUSED_FUNCTION = YES;
				GCC_WARN_UNUSED_VARIABLE = YES;
				IPHONEOS_DEPLOYMENT_TARGET = 9.3;
				MTL_ENABLE_DEBUG_INFO = NO;
				SDKROOT = iphoneos;
				TARGETED_DEVICE_FAMILY = "1,2";
				VALIDATE_PRODUCT = YES;
			};
			name = Release;
		};
		358149F01D6085A50011B55F /* Debug */ = {
			isa = XCBuildConfiguration;
			buildSettings = {
				ASSETCATALOG_COMPILER_APPICON_NAME = AppIcon;
				INFOPLIST_FILE = SlideOutMenuExample/Info.plist;
				LD_RUNPATH_SEARCH_PATHS = "$(inherited) @executable_path/Frameworks";
				PRODUCT_BUNDLE_IDENTIFIER = com.metricstream.SlideOutMenuExample;
				PRODUCT_NAME = "$(TARGET_NAME)";
			};
			name = Debug;
		};
		358149F11D6085A50011B55F /* Release */ = {
			isa = XCBuildConfiguration;
			buildSettings = {
				ASSETCATALOG_COMPILER_APPICON_NAME = AppIcon;
				INFOPLIST_FILE = SlideOutMenuExample/Info.plist;
				LD_RUNPATH_SEARCH_PATHS = "$(inherited) @executable_path/Frameworks";
				PRODUCT_BUNDLE_IDENTIFIER = com.metricstream.SlideOutMenuExample;
				PRODUCT_NAME = "$(TARGET_NAME)";
			};
			name = Release;
		};
/* End XCBuildConfiguration section */

/* Begin XCConfigurationList section */
		358149D81D6085A50011B55F /* Build configuration list for PBXProject "SlideOutMenuExample" */ = {
			isa = XCConfigurationList;
			buildConfigurations = (
				358149ED1D6085A50011B55F /* Debug */,
				358149EE1D6085A50011B55F /* Release */,
			);
			defaultConfigurationIsVisible = 0;
			defaultConfigurationName = Release;
		};
		358149EF1D6085A50011B55F /* Build configuration list for PBXNativeTarget "SlideOutMenuExample" */ = {
			isa = XCConfigurationList;
			buildConfigurations = (
				358149F01D6085A50011B55F /* Debug */,
				358149F11D6085A50011B55F /* Release */,
			);
			defaultConfigurationIsVisible = 0;
		};
/* End XCConfigurationList section */
	};
	rootObject = 358149D51D6085A50011B55F /* Project object */;
}
